
Microsoft Visual Studio Solution File, Format Version 12.00
# Visual Studio Version 17
VisualStudioVersion = 17.7.34003.232
MinimumVisualStudioVersion = 10.0.40219.1
Project("{2150E333-8FDC-42A3-9474-1A3956D46DE8}") = "tests", "tests", "{81B9CC25-FC26-4227-97CF-8588F091E51D}"
EndProject
Project("{9A19103F-16F7-4668-BE54-9A1E7A4F7556}") = "Flixer.Catalog.UnitTest", "tests\Flixer.Catalog.UnitTest\Flixer.Catalog.UnitTest.csproj", "{A3CA1D2F-B80B-46C1-B5FD-A0BFE8FFBEE3}"
EndProject
Project("{2150E333-8FDC-42A3-9474-1A3956D46DE8}") = "src", "src", "{19FC4517-0BCD-4F0E-B25F-9147FFEA40A0}"
EndProject
Project("{9A19103F-16F7-4668-BE54-9A1E7A4F7556}") = "Flixer.Catalog.Domain", "src\Flixer.Catalog.Domain\Flixer.Catalog.Domain.csproj", "{D9D1944B-706D-41D9-947A-51FA84CF7F8F}"
EndProject
Project("{9A19103F-16F7-4668-BE54-9A1E7A4F7556}") = "Flixer.Catalog.Application", "src\Flixer.Catalog.Application\Flixer.Catalog.Application.csproj", "{563F66E8-122A-475C-BC54-57E135AD294B}"
EndProject
Project("{9A19103F-16F7-4668-BE54-9A1E7A4F7556}") = "Flixer.Catalog.IntegrationTests", "tests\Flixer.Catalog.IntegrationTests\Flixer.Catalog.IntegrationTests.csproj", "{0B2846DE-35A2-4FDA-8DC1-EC96898295D4}"
EndProject
Project("{9A19103F-16F7-4668-BE54-9A1E7A4F7556}") = "Flixer.Catalog.Infra.Data.EF", "src\Flixer.Catalog.Infra.Data.EF\Flixer.Catalog.Infra.Data.EF.csproj", "{30F9FAA9-682C-4C11-9658-19BCEC587559}"
EndProject
Project("{9A19103F-16F7-4668-BE54-9A1E7A4F7556}") = "Flixer.Catalog.EndToEndTests", "tests\Flixer.Catalog.EndToEndTests\Flixer.Catalog.EndToEndTests.csproj", "{6141B776-B8B7-4F39-8AAA-3EA3AE06484E}"
EndProject
Project("{9A19103F-16F7-4668-BE54-9A1E7A4F7556}") = "Flixer.Catalog.Api", "src\Flixer.Catalog.Api\Flixer.Catalog.Api.csproj", "{1C29DDC1-F190-4E14-BA3C-F5429D1BD38B}"
EndProject
Project("{FAE04EC0-301F-11D3-BF4B-00C04F79EFBC}") = "Flixer.Catalog.Common.Tests", "tests\Flixer.Catalog.Common.Tests\Flixer.Catalog.Common.Tests.csproj", "{8F9A5B70-4EAB-4607-86DF-4205FBDB3D60}"
EndProject
Global
	GlobalSection(SolutionConfigurationPlatforms) = preSolution
		Debug|Any CPU = Debug|Any CPU
		Debug|x64 = Debug|x64
		Debug|x86 = Debug|x86
		Release|Any CPU = Release|Any CPU
		Release|x64 = Release|x64
		Release|x86 = Release|x86
	EndGlobalSection
	GlobalSection(ProjectConfigurationPlatforms) = postSolution
		{A3CA1D2F-B80B-46C1-B5FD-A0BFE8FFBEE3}.Debug|Any CPU.ActiveCfg = Debug|Any CPU
		{A3CA1D2F-B80B-46C1-B5FD-A0BFE8FFBEE3}.Debug|Any CPU.Build.0 = Debug|Any CPU
		{A3CA1D2F-B80B-46C1-B5FD-A0BFE8FFBEE3}.Debug|x64.ActiveCfg = Debug|Any CPU
		{A3CA1D2F-B80B-46C1-B5FD-A0BFE8FFBEE3}.Debug|x64.Build.0 = Debug|Any CPU
		{A3CA1D2F-B80B-46C1-B5FD-A0BFE8FFBEE3}.Debug|x86.ActiveCfg = Debug|Any CPU
		{A3CA1D2F-B80B-46C1-B5FD-A0BFE8FFBEE3}.Debug|x86.Build.0 = Debug|Any CPU
		{A3CA1D2F-B80B-46C1-B5FD-A0BFE8FFBEE3}.Release|Any CPU.ActiveCfg = Release|Any CPU
		{A3CA1D2F-B80B-46C1-B5FD-A0BFE8FFBEE3}.Release|Any CPU.Build.0 = Release|Any CPU
		{A3CA1D2F-B80B-46C1-B5FD-A0BFE8FFBEE3}.Release|x64.ActiveCfg = Release|Any CPU
		{A3CA1D2F-B80B-46C1-B5FD-A0BFE8FFBEE3}.Release|x64.Build.0 = Release|Any CPU
		{A3CA1D2F-B80B-46C1-B5FD-A0BFE8FFBEE3}.Release|x86.ActiveCfg = Release|Any CPU
		{A3CA1D2F-B80B-46C1-B5FD-A0BFE8FFBEE3}.Release|x86.Build.0 = Release|Any CPU
		{D9D1944B-706D-41D9-947A-51FA84CF7F8F}.Debug|Any CPU.ActiveCfg = Debug|Any CPU
		{D9D1944B-706D-41D9-947A-51FA84CF7F8F}.Debug|Any CPU.Build.0 = Debug|Any CPU
		{D9D1944B-706D-41D9-947A-51FA84CF7F8F}.Debug|x64.ActiveCfg = Debug|Any CPU
		{D9D1944B-706D-41D9-947A-51FA84CF7F8F}.Debug|x64.Build.0 = Debug|Any CPU
		{D9D1944B-706D-41D9-947A-51FA84CF7F8F}.Debug|x86.ActiveCfg = Debug|Any CPU
		{D9D1944B-706D-41D9-947A-51FA84CF7F8F}.Debug|x86.Build.0 = Debug|Any CPU
		{D9D1944B-706D-41D9-947A-51FA84CF7F8F}.Release|Any CPU.ActiveCfg = Release|Any CPU
		{D9D1944B-706D-41D9-947A-51FA84CF7F8F}.Release|Any CPU.Build.0 = Release|Any CPU
		{D9D1944B-706D-41D9-947A-51FA84CF7F8F}.Release|x64.ActiveCfg = Release|Any CPU
		{D9D1944B-706D-41D9-947A-51FA84CF7F8F}.Release|x64.Build.0 = Release|Any CPU
		{D9D1944B-706D-41D9-947A-51FA84CF7F8F}.Release|x86.ActiveCfg = Release|Any CPU
		{D9D1944B-706D-41D9-947A-51FA84CF7F8F}.Release|x86.Build.0 = Release|Any CPU
		{563F66E8-122A-475C-BC54-57E135AD294B}.Debug|Any CPU.ActiveCfg = Debug|Any CPU
		{563F66E8-122A-475C-BC54-57E135AD294B}.Debug|Any CPU.Build.0 = Debug|Any CPU
		{563F66E8-122A-475C-BC54-57E135AD294B}.Debug|x64.ActiveCfg = Debug|Any CPU
		{563F66E8-122A-475C-BC54-57E135AD294B}.Debug|x64.Build.0 = Debug|Any CPU
		{563F66E8-122A-475C-BC54-57E135AD294B}.Debug|x86.ActiveCfg = Debug|Any CPU
		{563F66E8-122A-475C-BC54-57E135AD294B}.Debug|x86.Build.0 = Debug|Any CPU
		{563F66E8-122A-475C-BC54-57E135AD294B}.Release|Any CPU.ActiveCfg = Release|Any CPU
		{563F66E8-122A-475C-BC54-57E135AD294B}.Release|Any CPU.Build.0 = Release|Any CPU
		{563F66E8-122A-475C-BC54-57E135AD294B}.Release|x64.ActiveCfg = Release|Any CPU
		{563F66E8-122A-475C-BC54-57E135AD294B}.Release|x64.Build.0 = Release|Any CPU
		{563F66E8-122A-475C-BC54-57E135AD294B}.Release|x86.ActiveCfg = Release|Any CPU
		{563F66E8-122A-475C-BC54-57E135AD294B}.Release|x86.Build.0 = Release|Any CPU
		{0B2846DE-35A2-4FDA-8DC1-EC96898295D4}.Debug|Any CPU.ActiveCfg = Debug|Any CPU
		{0B2846DE-35A2-4FDA-8DC1-EC96898295D4}.Debug|Any CPU.Build.0 = Debug|Any CPU
		{0B2846DE-35A2-4FDA-8DC1-EC96898295D4}.Debug|x64.ActiveCfg = Debug|Any CPU
		{0B2846DE-35A2-4FDA-8DC1-EC96898295D4}.Debug|x64.Build.0 = Debug|Any CPU
		{0B2846DE-35A2-4FDA-8DC1-EC96898295D4}.Debug|x86.ActiveCfg = Debug|Any CPU
		{0B2846DE-35A2-4FDA-8DC1-EC96898295D4}.Debug|x86.Build.0 = Debug|Any CPU
		{0B2846DE-35A2-4FDA-8DC1-EC96898295D4}.Release|Any CPU.ActiveCfg = Release|Any CPU
		{0B2846DE-35A2-4FDA-8DC1-EC96898295D4}.Release|Any CPU.Build.0 = Release|Any CPU
		{0B2846DE-35A2-4FDA-8DC1-EC96898295D4}.Release|x64.ActiveCfg = Release|Any CPU
		{0B2846DE-35A2-4FDA-8DC1-EC96898295D4}.Release|x64.Build.0 = Release|Any CPU
		{0B2846DE-35A2-4FDA-8DC1-EC96898295D4}.Release|x86.ActiveCfg = Release|Any CPU
		{0B2846DE-35A2-4FDA-8DC1-EC96898295D4}.Release|x86.Build.0 = Release|Any CPU
		{30F9FAA9-682C-4C11-9658-19BCEC587559}.Debug|Any CPU.ActiveCfg = Debug|Any CPU
		{30F9FAA9-682C-4C11-9658-19BCEC587559}.Debug|Any CPU.Build.0 = Debug|Any CPU
		{30F9FAA9-682C-4C11-9658-19BCEC587559}.Debug|x64.ActiveCfg = Debug|Any CPU
		{30F9FAA9-682C-4C11-9658-19BCEC587559}.Debug|x64.Build.0 = Debug|Any CPU
		{30F9FAA9-682C-4C11-9658-19BCEC587559}.Debug|x86.ActiveCfg = Debug|Any CPU
		{30F9FAA9-682C-4C11-9658-19BCEC587559}.Debug|x86.Build.0 = Debug|Any CPU
		{30F9FAA9-682C-4C11-9658-19BCEC587559}.Release|Any CPU.ActiveCfg = Release|Any CPU
		{30F9FAA9-682C-4C11-9658-19BCEC587559}.Release|Any CPU.Build.0 = Release|Any CPU
		{30F9FAA9-682C-4C11-9658-19BCEC587559}.Release|x64.ActiveCfg = Release|Any CPU
		{30F9FAA9-682C-4C11-9658-19BCEC587559}.Release|x64.Build.0 = Release|Any CPU
		{30F9FAA9-682C-4C11-9658-19BCEC587559}.Release|x86.ActiveCfg = Release|Any CPU
		{30F9FAA9-682C-4C11-9658-19BCEC587559}.Release|x86.Build.0 = Release|Any CPU
		{6141B776-B8B7-4F39-8AAA-3EA3AE06484E}.Debug|Any CPU.ActiveCfg = Debug|Any CPU
		{6141B776-B8B7-4F39-8AAA-3EA3AE06484E}.Debug|Any CPU.Build.0 = Debug|Any CPU
		{6141B776-B8B7-4F39-8AAA-3EA3AE06484E}.Debug|x64.ActiveCfg = Debug|Any CPU
		{6141B776-B8B7-4F39-8AAA-3EA3AE06484E}.Debug|x64.Build.0 = Debug|Any CPU
		{6141B776-B8B7-4F39-8AAA-3EA3AE06484E}.Debug|x86.ActiveCfg = Debug|Any CPU
		{6141B776-B8B7-4F39-8AAA-3EA3AE06484E}.Debug|x86.Build.0 = Debug|Any CPU
		{6141B776-B8B7-4F39-8AAA-3EA3AE06484E}.Release|Any CPU.ActiveCfg = Release|Any CPU
		{6141B776-B8B7-4F39-8AAA-3EA3AE06484E}.Release|Any CPU.Build.0 = Release|Any CPU
		{6141B776-B8B7-4F39-8AAA-3EA3AE06484E}.Release|x64.ActiveCfg = Release|Any CPU
		{6141B776-B8B7-4F39-8AAA-3EA3AE06484E}.Release|x64.Build.0 = Release|Any CPU
		{6141B776-B8B7-4F39-8AAA-3EA3AE06484E}.Release|x86.ActiveCfg = Release|Any CPU
		{6141B776-B8B7-4F39-8AAA-3EA3AE06484E}.Release|x86.Build.0 = Release|Any CPU
		{1C29DDC1-F190-4E14-BA3C-F5429D1BD38B}.Debug|Any CPU.ActiveCfg = Debug|Any CPU
		{1C29DDC1-F190-4E14-BA3C-F5429D1BD38B}.Debug|Any CPU.Build.0 = Debug|Any CPU
		{1C29DDC1-F190-4E14-BA3C-F5429D1BD38B}.Debug|x64.ActiveCfg = Debug|Any CPU
		{1C29DDC1-F190-4E14-BA3C-F5429D1BD38B}.Debug|x64.Build.0 = Debug|Any CPU
		{1C29DDC1-F190-4E14-BA3C-F5429D1BD38B}.Debug|x86.ActiveCfg = Debug|Any CPU
		{1C29DDC1-F190-4E14-BA3C-F5429D1BD38B}.Debug|x86.Build.0 = Debug|Any CPU
		{1C29DDC1-F190-4E14-BA3C-F5429D1BD38B}.Release|Any CPU.ActiveCfg = Release|Any CPU
		{1C29DDC1-F190-4E14-BA3C-F5429D1BD38B}.Release|Any CPU.Build.0 = Release|Any CPU
		{1C29DDC1-F190-4E14-BA3C-F5429D1BD38B}.Release|x64.ActiveCfg = Release|Any CPU
		{1C29DDC1-F190-4E14-BA3C-F5429D1BD38B}.Release|x64.Build.0 = Release|Any CPU
		{1C29DDC1-F190-4E14-BA3C-F5429D1BD38B}.Release|x86.ActiveCfg = Release|Any CPU
		{1C29DDC1-F190-4E14-BA3C-F5429D1BD38B}.Release|x86.Build.0 = Release|Any CPU
		{8F9A5B70-4EAB-4607-86DF-4205FBDB3D60}.Debug|Any CPU.ActiveCfg = Debug|Any CPU
		{8F9A5B70-4EAB-4607-86DF-4205FBDB3D60}.Debug|Any CPU.Build.0 = Debug|Any CPU
		{8F9A5B70-4EAB-4607-86DF-4205FBDB3D60}.Debug|x64.ActiveCfg = Debug|Any CPU
		{8F9A5B70-4EAB-4607-86DF-4205FBDB3D60}.Debug|x64.Build.0 = Debug|Any CPU
		{8F9A5B70-4EAB-4607-86DF-4205FBDB3D60}.Debug|x86.ActiveCfg = Debug|Any CPU
		{8F9A5B70-4EAB-4607-86DF-4205FBDB3D60}.Debug|x86.Build.0 = Debug|Any CPU
		{8F9A5B70-4EAB-4607-86DF-4205FBDB3D60}.Release|Any CPU.ActiveCfg = Release|Any CPU
		{8F9A5B70-4EAB-4607-86DF-4205FBDB3D60}.Release|Any CPU.Build.0 = Release|Any CPU
		{8F9A5B70-4EAB-4607-86DF-4205FBDB3D60}.Release|x64.ActiveCfg = Release|Any CPU
		{8F9A5B70-4EAB-4607-86DF-4205FBDB3D60}.Release|x64.Build.0 = Release|Any CPU
		{8F9A5B70-4EAB-4607-86DF-4205FBDB3D60}.Release|x86.ActiveCfg = Release|Any CPU
		{8F9A5B70-4EAB-4607-86DF-4205FBDB3D60}.Release|x86.Build.0 = Release|Any CPU
	EndGlobalSection
	GlobalSection(SolutionProperties) = preSolution
		HideSolutionNode = FALSE
	EndGlobalSection
	GlobalSection(NestedProjects) = preSolution
		{A3CA1D2F-B80B-46C1-B5FD-A0BFE8FFBEE3} = {81B9CC25-FC26-4227-97CF-8588F091E51D}
		{D9D1944B-706D-41D9-947A-51FA84CF7F8F} = {19FC4517-0BCD-4F0E-B25F-9147FFEA40A0}
		{563F66E8-122A-475C-BC54-57E135AD294B} = {19FC4517-0BCD-4F0E-B25F-9147FFEA40A0}
		{0B2846DE-35A2-4FDA-8DC1-EC96898295D4} = {81B9CC25-FC26-4227-97CF-8588F091E51D}
		{30F9FAA9-682C-4C11-9658-19BCEC587559} = {19FC4517-0BCD-4F0E-B25F-9147FFEA40A0}
		{6141B776-B8B7-4F39-8AAA-3EA3AE06484E} = {81B9CC25-FC26-4227-97CF-8588F091E51D}
		{1C29DDC1-F190-4E14-BA3C-F5429D1BD38B} = {19FC4517-0BCD-4F0E-B25F-9147FFEA40A0}
		{8F9A5B70-4EAB-4607-86DF-4205FBDB3D60} = {81B9CC25-FC26-4227-97CF-8588F091E51D}
	EndGlobalSection
	GlobalSection(ExtensibilityGlobals) = postSolution
		SolutionGuid = {32361620-3495-4970-866C-8B2FAB2A9F43}
	EndGlobalSection
EndGlobal
